// !$*UTF8*$!
{
	archiveVersion = 1;
	classes = {
	};
	objectVersion = 50;
	objects = {

/* Begin PBXBuildFile section */
		C1EEFA9226FAF17900B56DCF /* AppDelegate.swift in Sources */ = {isa = PBXBuildFile; fileRef = C1EEFA9126FAF17900B56DCF /* AppDelegate.swift */; };
		C1EEFA9426FAF17900B56DCF /* SceneDelegate.swift in Sources */ = {isa = PBXBuildFile; fileRef = C1EEFA9326FAF17900B56DCF /* SceneDelegate.swift */; };
		C1EEFA9626FAF17900B56DCF /* LoginViewController.swift in Sources */ = {isa = PBXBuildFile; fileRef = C1EEFA9526FAF17900B56DCF /* LoginViewController.swift */; };
		C1EEFA9926FAF17900B56DCF /* Main.storyboard in Resources */ = {isa = PBXBuildFile; fileRef = C1EEFA9726FAF17900B56DCF /* Main.storyboard */; };
		C1EEFA9C26FAF17900B56DCF /* SoundCloudApp.xcdatamodeld in Sources */ = {isa = PBXBuildFile; fileRef = C1EEFA9A26FAF17900B56DCF /* SoundCloudApp.xcdatamodeld */; };
		C1EEFA9E26FAF17E00B56DCF /* Assets.xcassets in Resources */ = {isa = PBXBuildFile; fileRef = C1EEFA9D26FAF17E00B56DCF /* Assets.xcassets */; };
		C1EEFAA126FAF17E00B56DCF /* LaunchScreen.storyboard in Resources */ = {isa = PBXBuildFile; fileRef = C1EEFA9F26FAF17E00B56DCF /* LaunchScreen.storyboard */; };
		C1EEFAA926FB222E00B56DCF /* Extensions.swift in Sources */ = {isa = PBXBuildFile; fileRef = C1EEFAA826FB222E00B56DCF /* Extensions.swift */; };
/* End PBXBuildFile section */

/* Begin PBXFileReference section */
		C1EEFA8E26FAF17900B56DCF /* SoundCloudApp.app */ = {isa = PBXFileReference; explicitFileType = wrapper.application; includeInIndex = 0; path = SoundCloudApp.app; sourceTree = BUILT_PRODUCTS_DIR; };
		C1EEFA9126FAF17900B56DCF /* AppDelegate.swift */ = {isa = PBXFileReference; lastKnownFileType = sourcecode.swift; path = AppDelegate.swift; sourceTree = "<group>"; };
		C1EEFA9326FAF17900B56DCF /* SceneDelegate.swift */ = {isa = PBXFileReference; lastKnownFileType = sourcecode.swift; path = SceneDelegate.swift; sourceTree = "<group>"; };
		C1EEFA9526FAF17900B56DCF /* LoginViewController.swift */ = {isa = PBXFileReference; lastKnownFileType = sourcecode.swift; path = LoginViewController.swift; sourceTree = "<group>"; };
		C1EEFA9826FAF17900B56DCF /* Base */ = {isa = PBXFileReference; lastKnownFileType = file.storyboard; name = Base; path = Base.lproj/Main.storyboard; sourceTree = "<group>"; };
		C1EEFA9B26FAF17900B56DCF /* SoundCloudApp.xcdatamodel */ = {isa = PBXFileReference; lastKnownFileType = wrapper.xcdatamodel; path = SoundCloudApp.xcdatamodel; sourceTree = "<group>"; };
		C1EEFA9D26FAF17E00B56DCF /* Assets.xcassets */ = {isa = PBXFileReference; lastKnownFileType = folder.assetcatalog; path = Assets.xcassets; sourceTree = "<group>"; };
		C1EEFAA026FAF17E00B56DCF /* Base */ = {isa = PBXFileReference; lastKnownFileType = file.storyboard; name = Base; path = Base.lproj/LaunchScreen.storyboard; sourceTree = "<group>"; };
		C1EEFAA226FAF17E00B56DCF /* Info.plist */ = {isa = PBXFileReference; lastKnownFileType = text.plist.xml; path = Info.plist; sourceTree = "<group>"; };
		C1EEFAA826FB222E00B56DCF /* Extensions.swift */ = {isa = PBXFileReference; lastKnownFileType = sourcecode.swift; path = Extensions.swift; sourceTree = "<group>"; };
/* End PBXFileReference section */

/* Begin PBXFrameworksBuildPhase section */
		C1EEFA8B26FAF17900B56DCF /* Frameworks */ = {
			isa = PBXFrameworksBuildPhase;
			buildActionMask = 2147483647;
			files = (
			);
			runOnlyForDeploymentPostprocessing = 0;
		};
/* End PBXFrameworksBuildPhase section */

/* Begin PBXGroup section */
		C1EEFA8526FAF17900B56DCF = {
			isa = PBXGroup;
			children = (
				C1EEFA9026FAF17900B56DCF /* SoundCloudApp */,
				C1EEFA8F26FAF17900B56DCF /* Products */,
			);
			sourceTree = "<group>";
		};
		C1EEFA8F26FAF17900B56DCF /* Products */ = {
			isa = PBXGroup;
			children = (
				C1EEFA8E26FAF17900B56DCF /* SoundCloudApp.app */,
			);
			name = Products;
			sourceTree = "<group>";
		};
		C1EEFA9026FAF17900B56DCF /* SoundCloudApp */ = {
			isa = PBXGroup;
			children = (
				C1EEFA9126FAF17900B56DCF /* AppDelegate.swift */,
				C1EEFA9326FAF17900B56DCF /* SceneDelegate.swift */,
				C1EEFA9526FAF17900B56DCF /* LoginViewController.swift */,
				C1EEFAA826FB222E00B56DCF /* Extensions.swift */,
				C1EEFA9726FAF17900B56DCF /* Main.storyboard */,
				C1EEFA9D26FAF17E00B56DCF /* Assets.xcassets */,
				C1EEFA9F26FAF17E00B56DCF /* LaunchScreen.storyboard */,
				C1EEFAA226FAF17E00B56DCF /* Info.plist */,
				C1EEFA9A26FAF17900B56DCF /* SoundCloudApp.xcdatamodeld */,
			);
			path = SoundCloudApp;
			sourceTree = "<group>";
		};
/* End PBXGroup section */

/* Begin PBXNativeTarget section */
		C1EEFA8D26FAF17900B56DCF /* SoundCloudApp */ = {
			isa = PBXNativeTarget;
			buildConfigurationList = C1EEFAA526FAF17E00B56DCF /* Build configuration list for PBXNativeTarget "SoundCloudApp" */;
			buildPhases = (
				C1EEFA8A26FAF17900B56DCF /* Sources */,
				C1EEFA8B26FAF17900B56DCF /* Frameworks */,
				C1EEFA8C26FAF17900B56DCF /* Resources */,
			);
			buildRules = (
			);
			dependencies = (
			);
			name = SoundCloudApp;
			productName = SoundCloudApp;
			productReference = C1EEFA8E26FAF17900B56DCF /* SoundCloudApp.app */;
			productType = "com.apple.product-type.application";
		};
/* End PBXNativeTarget section */

/* Begin PBXProject section */
		C1EEFA8626FAF17900B56DCF /* Project object */ = {
			isa = PBXProject;
			attributes = {
				LastSwiftUpdateCheck = 1250;
				LastUpgradeCheck = 1250;
				TargetAttributes = {
					C1EEFA8D26FAF17900B56DCF = {
						CreatedOnToolsVersion = 12.5.1;
					};
				};
			};
			buildConfigurationList = C1EEFA8926FAF17900B56DCF /* Build configuration list for PBXProject "SoundCloudApp" */;
			compatibilityVersion = "Xcode 9.3";
			developmentRegion = en;
			hasScannedForEncodings = 0;
			knownRegions = (
				en,
				Base,
			);
			mainGroup = C1EEFA8526FAF17900B56DCF;
			productRefGroup = C1EEFA8F26FAF17900B56DCF /* Products */;
			projectDirPath = "";
			projectRoot = "";
			targets = (
				C1EEFA8D26FAF17900B56DCF /* SoundCloudApp */,
			);
		};
/* End PBXProject section */

/* Begin PBXResourcesBuildPhase section */
		C1EEFA8C26FAF17900B56DCF /* Resources */ = {
			isa = PBXResourcesBuildPhase;
			buildActionMask = 2147483647;
			files = (
				C1EEFAA126FAF17E00B56DCF /* LaunchScreen.storyboard in Resources */,
				C1EEFA9E26FAF17E00B56DCF /* Assets.xcassets in Resources */,
				C1EEFA9926FAF17900B56DCF /* Main.storyboard in Resources */,
			);
			runOnlyForDeploymentPostprocessing = 0;
		};
/* End PBXResourcesBuildPhase section */

/* Begin PBXSourcesBuildPhase section */
		C1EEFA8A26FAF17900B56DCF /* Sources */ = {
			isa = PBXSourcesBuildPhase;
			buildActionMask = 2147483647;
			files = (
				C1EEFAA926FB222E00B56DCF /* Extensions.swift in Sources */,
				C1EEFA9626FAF17900B56DCF /* LoginViewController.swift in Sources */,
				C1EEFA9226FAF17900B56DCF /* AppDelegate.swift in Sources */,
				C1EEFA9426FAF17900B56DCF /* SceneDelegate.swift in Sources */,
				C1EEFA9C26FAF17900B56DCF /* SoundCloudApp.xcdatamodeld in Sources */,
			);
			runOnlyForDeploymentPostprocessing = 0;
		};
/* End PBXSourcesBuildPhase section */

/* Begin PBXVariantGroup section */
		C1EEFA9726FAF17900B56DCF /* Main.storyboard */ = {
			isa = PBXVariantGroup;
			children = (
				C1EEFA9826FAF17900B56DCF /* Base */,
			);
			name = Main.storyboard;
			sourceTree = "<group>";
		};
		C1EEFA9F26FAF17E00B56DCF /* LaunchScreen.storyboard */ = {
			isa = PBXVariantGroup;
			children = (
				C1EEFAA026FAF17E00B56DCF /* Base */,
			);
			name = LaunchScreen.storyboard;
			sourceTree = "<group>";
		};
/* End PBXVariantGroup section */

/* Begin XCBuildConfiguration section */
		C1EEFAA326FAF17E00B56DCF /* Debug */ = {
			isa = XCBuildConfiguration;
			buildSettings = {
				ALWAYS_SEARCH_USER_PATHS = NO;
				CLANG_ANALYZER_NONNULL = YES;
				CLANG_ANALYZER_NUMBER_OBJECT_CONVERSION = YES_AGGRESSIVE;
				CLANG_CXX_LANGUAGE_STANDARD = "gnu++14";
				CLANG_CXX_LIBRARY = "libc++";
				CLANG_ENABLE_MODULES = YES;
				CLANG_ENABLE_OBJC_ARC = YES;
				CLANG_ENABLE_OBJC_WEAK = YES;
				CLANG_WARN_BLOCK_CAPTURE_AUTORELEASING = YES;
				CLANG_WARN_BOOL_CONVERSION = YES;
				CLANG_WARN_COMMA = YES;
				CLANG_WARN_CONSTANT_CONVERSION = YES;
				CLANG_WARN_DEPRECATED_OBJC_IMPLEMENTATIONS = YES;
				CLANG_WARN_DIRECT_OBJC_ISA_USAGE = YES_ERROR;
				CLANG_WARN_DOCUMENTATION_COMMENTS = YES;
				CLANG_WARN_EMPTY_BODY = YES;
				CLANG_WARN_ENUM_CONVERSION = YES;
				CLANG_WARN_INFINITE_RECURSION = YES;
				CLANG_WARN_INT_CONVERSION = YES;
				CLANG_WARN_NON_LITERAL_NULL_CONVERSION = YES;
				CLANG_WARN_OBJC_IMPLICIT_RETAIN_SELF = YES;
				CLANG_WARN_OBJC_LITERAL_CONVERSION = YES;
				CLANG_WARN_OBJC_ROOT_CLASS = YES_ERROR;
				CLANG_WARN_QUOTED_INCLUDE_IN_FRAMEWORK_HEADER = YES;
				CLANG_WARN_RANGE_LOOP_ANALYSIS = YES;
				CLANG_WARN_STRICT_PROTOTYPES = YES;
				CLANG_WARN_SUSPICIOUS_MOVE = YES;
				CLANG_WARN_UNGUARDED_AVAILABILITY = YES_AGGRESSIVE;
				CLANG_WARN_UNREACHABLE_CODE = YES;
				CLANG_WARN__DUPLICATE_METHOD_MATCH = YES;
				COPY_PHASE_STRIP = NO;
				DEBUG_INFORMATION_FORMAT = dwarf;
				ENABLE_STRICT_OBJC_MSGSEND = YES;
				ENABLE_TESTABILITY = YES;
				GCC_C_LANGUAGE_STANDARD = gnu11;
				GCC_DYNAMIC_NO_PIC = NO;
				GCC_NO_COMMON_BLOCKS = YES;
				GCC_OPTIMIZATION_LEVEL = 0;
				GCC_PREPROCESSOR_DEFINITIONS = (
					"DEBUG=1",
					"$(inherited)",
				);
				GCC_WARN_64_TO_32_BIT_CONVERSION = YES;
				GCC_WARN_ABOUT_RETURN_TYPE = YES_ERROR;
				GCC_WARN_UNDECLARED_SELECTOR = YES;
				GCC_WARN_UNINITIALIZED_AUTOS = YES_AGGRESSIVE;
				GCC_WARN_UNUSED_FUNCTION = YES;
				GCC_WARN_UNUSED_VARIABLE = YES;
				IPHONEOS_DEPLOYMENT_TARGET = 14.5;
				MTL_ENABLE_DEBUG_INFO = INCLUDE_SOURCE;
				MTL_FAST_MATH = YES;
				ONLY_ACTIVE_ARCH = YES;
				SDKROOT = iphoneos;
				SWIFT_ACTIVE_COMPILATION_CONDITIONS = DEBUG;
				SWIFT_OPTIMIZATION_LEVEL = "-Onone";
			};
			name = Debug;
		};
		C1EEFAA426FAF17E00B56DCF /* Release */ = {
			isa = XCBuildConfiguration;
			buildSettings = {
				ALWAYS_SEARCH_USER_PATHS = NO;
				CLANG_ANALYZER_NONNULL = YES;
				CLANG_ANALYZER_NUMBER_OBJECT_CONVERSION = YES_AGGRESSIVE;
				CLANG_CXX_LANGUAGE_STANDARD = "gnu++14";
				CLANG_CXX_LIBRARY = "libc++";
				CLANG_ENABLE_MODULES = YES;
				CLANG_ENABLE_OBJC_ARC = YES;
				CLANG_ENABLE_OBJC_WEAK = YES;
				CLANG_WARN_BLOCK_CAPTURE_AUTORELEASING = YES;
				CLANG_WARN_BOOL_CONVERSION = YES;
				CLANG_WARN_COMMA = YES;
				CLANG_WARN_CONSTANT_CONVERSION = YES;
				CLANG_WARN_DEPRECATED_OBJC_IMPLEMENTATIONS = YES;
				CLANG_WARN_DIRECT_OBJC_ISA_USAGE = YES_ERROR;
				CLANG_WARN_DOCUMENTATION_COMMENTS = YES;
				CLANG_WARN_EMPTY_BODY = YES;
				CLANG_WARN_ENUM_CONVERSION = YES;
				CLANG_WARN_INFINITE_RECURSION = YES;
				CLANG_WARN_INT_CONVERSION = YES;
				CLANG_WARN_NON_LITERAL_NULL_CONVERSION = YES;
				CLANG_WARN_OBJC_IMPLICIT_RETAIN_SELF = YES;
				CLANG_WARN_OBJC_LITERAL_CONVERSION = YES;
				CLANG_WARN_OBJC_ROOT_CLASS = YES_ERROR;
				CLANG_WARN_QUOTED_INCLUDE_IN_FRAMEWORK_HEADER = YES;
				CLANG_WARN_RANGE_LOOP_ANALYSIS = YES;
				CLANG_WARN_STRICT_PROTOTYPES = YES;
				CLANG_WARN_SUSPICIOUS_MOVE = YES;
				CLANG_WARN_UNGUARDED_AVAILABILITY = YES_AGGRESSIVE;
				CLANG_WARN_UNREACHABLE_CODE = YES;
				CLANG_WARN__DUPLICATE_METHOD_MATCH = YES;
				COPY_PHASE_STRIP = NO;
				DEBUG_INFORMATION_FORMAT = "dwarf-with-dsym";
				ENABLE_NS_ASSERTIONS = NO;
				ENABLE_STRICT_OBJC_MSGSEND = YES;
				GCC_C_LANGUAGE_STANDARD = gnu11;
				GCC_NO_COMMON_BLOCKS = YES;
				GCC_WARN_64_TO_32_BIT_CONVERSION = YES;
				GCC_WARN_ABOUT_RETURN_TYPE = YES_ERROR;
				GCC_WARN_UNDECLARED_SELECTOR = YES;
				GCC_WARN_UNINITIALIZED_AUTOS = YES_AGGRESSIVE;
				GCC_WARN_UNUSED_FUNCTION = YES;
				GCC_WARN_UNUSED_VARIABLE = YES;
				IPHONEOS_DEPLOYMENT_TARGET = 14.5;
				MTL_ENABLE_DEBUG_INFO = NO;
				MTL_FAST_MATH = YES;
				SDKROOT = iphoneos;
				SWIFT_COMPILATION_MODE = wholemodule;
				SWIFT_OPTIMIZATION_LEVEL = "-O";
				VALIDATE_PRODUCT = YES;
			};
			name = Release;
		};
		C1EEFAA626FAF17E00B56DCF /* Debug */ = {
			isa = XCBuildConfiguration;
			buildSettings = {
				ASSETCATALOG_COMPILER_APPICON_NAME = AppIcon;
				ASSETCATALOG_COMPILER_GLOBAL_ACCENT_COLOR_NAME = AccentColor;
				CODE_SIGN_STYLE = Automatic;
				DEVELOPMENT_TEAM = DS3Z54QGNB;
				INFOPLIST_FILE = SoundCloudApp/Info.plist;
				LD_RUNPATH_SEARCH_PATHS = (
					"$(inherited)",
					"@executable_path/Frameworks",
				);
				PRODUCT_BUNDLE_IDENTIFIER = com.julia117.SoundCloudApp;
				PRODUCT_NAME = "$(TARGET_NAME)";
				SWIFT_VERSION = 5.0;
				TARGETED_DEVICE_FAMILY = "1,2";
			};
			name = Debug;
		};
		C1EEFAA726FAF17E00B56DCF /* Release */ = {
			isa = XCBuildConfiguration;
			buildSettings = {
				ASSETCATALOG_COMPILER_APPICON_NAME = AppIcon;
				ASSETCATALOG_COMPILER_GLOBAL_ACCENT_COLOR_NAME = AccentColor;
				CODE_SIGN_STYLE = Automatic;
				DEVELOPMENT_TEAM = DS3Z54QGNB;
				INFOPLIST_FILE = SoundCloudApp/Info.plist;
				LD_RUNPATH_SEARCH_PATHS = (
					"$(inherited)",
					"@executable_path/Frameworks",
				);
				PRODUCT_BUNDLE_IDENTIFIER = com.julia117.SoundCloudApp;
				PRODUCT_NAME = "$(TARGET_NAME)";
				SWIFT_VERSION = 5.0;
				TARGETED_DEVICE_FAMILY = "1,2";
			};
			name = Release;
		};
/* End XCBuildConfiguration section */

/* Begin XCConfigurationList section */
		C1EEFA8926FAF17900B56DCF /* Build configuration list for PBXProject "SoundCloudApp" */ = {
			isa = XCConfigurationList;
			buildConfigurations = (
				C1EEFAA326FAF17E00B56DCF /* Debug */,
				C1EEFAA426FAF17E00B56DCF /* Release */,
			);
			defaultConfigurationIsVisible = 0;
			defaultConfigurationName = Release;
		};
		C1EEFAA526FAF17E00B56DCF /* Build configuration list for PBXNativeTarget "SoundCloudApp" */ = {
			isa = XCConfigurationList;
			buildConfigurations = (
				C1EEFAA626FAF17E00B56DCF /* Debug */,
				C1EEFAA726FAF17E00B56DCF /* Release */,
			);
			defaultConfigurationIsVisible = 0;
			defaultConfigurationName = Release;
		};
/* End XCConfigurationList section */

/* Begin XCVersionGroup section */
		C1EEFA9A26FAF17900B56DCF /* SoundCloudApp.xcdatamodeld */ = {
			isa = XCVersionGroup;
			children = (
				C1EEFA9B26FAF17900B56DCF /* SoundCloudApp.xcdatamodel */,
			);
			currentVersion = C1EEFA9B26FAF17900B56DCF /* SoundCloudApp.xcdatamodel */;
			path = SoundCloudApp.xcdatamodeld;
			sourceTree = "<group>";
			versionGroupType = wrapper.xcdatamodel;
		};
/* End XCVersionGroup section */
	};
	rootObject = C1EEFA8626FAF17900B56DCF /* Project object */;
}
